{
    "name": "ilib-lint-plugin-test",
    "version": "1.3.0",
    "lockfileVersion": 2,
    "requires": true,
    "packages": {
        "": {
            "name": "ilib-lint-plugin-test",
            "version": "1.3.0",
            "dependencies": {
                "ilib-lint-common": "^3.1.2",
                "ilib-locale": "^1.2.4",
                "ilib-tools-common": "^1.12.2",
                "json5": "^2.2.3"
            }
        },
        "node_modules/@log4js-node/log4js-api": {
            "version": "1.0.2",
            "resolved": "https://box.jfrog.io/artifactory/api/npm/boxnpm/@log4js-node/log4js-api/-/log4js-api-1.0.2.tgz",
            "integrity": "sha512-6SJfx949YEWooh/CUPpJ+F491y4BYJmknz4hUN1+RHvKoUEynKbRmhnwbk/VLmh4OthLLDNCyWXfbh4DG1cTXA=="
        },
        "node_modules/ilib-common": {
            "version": "1.1.6",
            "resolved": "https://box.jfrog.io/box/api/npm/boxnpm/ilib-common/-/ilib-common-1.1.6.tgz",
            "integrity": "sha512-LzbZj6GP3LnYkDfvsjI/3ecfDyltgcp1PcrmvZotUdRqRmfXaEMZjohjM/XQLo/4LF8uTmKO1/Pqr0nrrp7D3A==",
            "dependencies": {
                "@log4js-node/log4js-api": "^1.0.2",
                "ilib-env": "^1.4.1",
                "ilib-locale": "^1.2.2"
            }
        },
        "node_modules/ilib-ctype": {
            "version": "1.2.1",
            "resolved": "https://box.jfrog.io/artifactory/api/npm/boxnpm/ilib-ctype/-/ilib-ctype-1.2.1.tgz",
            "integrity": "sha512-/XKPluzBleyIl96sgn5/uGAzARZBQzTFoAIw1926MlIhUmMZ/DAEFRWvXJtcx603w2RyHfQ05y/XIzfujmX76Q==",
            "dependencies": {
                "ilib-common": "^1.1.3"
            }
        },
        "node_modules/ilib-env": {
            "version": "1.4.1",
            "resolved": "https://box.jfrog.io/box/api/npm/boxnpm/ilib-env/-/ilib-env-1.4.1.tgz",
            "integrity": "sha512-lhXj5AaOT6AAft3eSFTqncNSYhqMdXAq9RpAeCral1tJpZDmzxhxpnKcFghgbjk9NkFFBRxFxTIAkgSq9NfEfQ=="
        },
        "node_modules/ilib-lint-common": {
            "version": "3.1.2",
            "resolved": "https://box.jfrog.io/box/api/npm/boxnpm/ilib-lint-common/-/ilib-lint-common-3.1.2.tgz",
            "integrity": "sha512-WiNVrKpwdPn1sEqGYXs4DXZBqSTrEAzBWKQKVuoGz+Uh7ru0gvBJUtbm3WLlKEN9elQj0AFTBI3XHG/LOKnaqA==",
            "engines": {
                "node": ">=14.0.0"
            }
        },
        "node_modules/ilib-locale": {
            "version": "1.2.4",
            "resolved": "https://box.jfrog.io/box/api/npm/boxnpm/ilib-locale/-/ilib-locale-1.2.4.tgz",
            "integrity": "sha512-3ZIOw45MAmL+uQ1CTt7A/eVOd5wEYlmTWPnQC/GFmGaIxbGvgSD9AuIX1HiFltYQXIBlQWl0yTFf/1yPtfW3ng==",
            "dependencies": {
                "ilib-env": "^1.4.1"
            }
        },
        "node_modules/ilib-tools-common": {
            "version": "1.12.2",
            "resolved": "https://box.jfrog.io/box/api/npm/boxnpm/ilib-tools-common/-/ilib-tools-common-1.12.2.tgz",
            "integrity": "sha512-Agppuu+BWCbXy2IrN8A4jILeKHIAPZf9HigMAsMyaK5gC9qedIeXBvKTtiBrknRTuRnWmnOXO5kY5wyfLHbCAQ==",
            "dependencies": {
                "@log4js-node/log4js-api": "^1.0.2",
                "ilib-ctype": "^1.2.1",
                "ilib-locale": "^1.2.2",
                "ilib-xliff": "^1.2.2"
            },
            "engines": {
                "node": ">=10.0.0"
            }
        },
        "node_modules/ilib-xliff": {
            "version": "1.2.2",
            "resolved": "https://box.jfrog.io/box/api/npm/boxnpm/ilib-xliff/-/ilib-xliff-1.2.2.tgz",
            "integrity": "sha512-w29y6Gph6iWaNGyD4cPITt27kmXPgHKEngvx3317rEWOwK1Y1wv6LdZ3jBdaib5UPMmP+sxjUbi3vNMYziXBgQ==",
            "dependencies": {
                "ilib-common": "^1.1.6",
                "ilib-locale": "^1.2.2",
                "ilib-xml-js": "^1.7.0",
                "json5": "^2.2.1"
            }
        },
        "node_modules/ilib-xml-js": {
            "version": "1.7.0",
            "resolved": "https://box.jfrog.io/box/api/npm/boxnpm/ilib-xml-js/-/ilib-xml-js-1.7.0.tgz",
            "integrity": "sha512-u2Uitc6238fQzIpwHx7qTt0GDii6ncBKtbLX6lvg67+x2iyQ4tz3nycyXg+c8wdaaVgqVGeBNs48uYGEKVJzkA==",
            "dependencies": {
                "sax": "^1.2.4"
            },
            "bin": {
                "ilib-xml-js": "bin/cli.js"
            }
        },
        "node_modules/json5": {
            "version": "2.2.3",
            "resolved": "https://registry.npmjs.org/json5/-/json5-2.2.3.tgz",
            "integrity": "sha512-XmOWe7eyHYH14cLdVPoyg+GOH3rYX++KpzrylJwSW98t3Nk+U8XOl8FWKOgwtzdb8lXGf6zYwDUzeHMWfxasyg==",
            "bin": {
                "json5": "lib/cli.js"
            },
            "engines": {
                "node": ">=6"
            }
        },
        "node_modules/sax": {
            "version": "1.4.1",
            "resolved": "https://box.jfrog.io/box/api/npm/boxnpm/sax/-/sax-1.4.1.tgz",
            "integrity": "sha512-+aWOz7yVScEGoKNd4PA10LZ8sk0A/z5+nXQG5giUO5rprX9jgYsTdov9qCchZiPIZezbZH+jRut8nPodFAX4Jg=="
        }
    },
    "dependencies": {
        "@log4js-node/log4js-api": {
            "version": "1.0.2",
            "resolved": "https://box.jfrog.io/artifactory/api/npm/boxnpm/@log4js-node/log4js-api/-/log4js-api-1.0.2.tgz",
            "integrity": "sha512-6SJfx949YEWooh/CUPpJ+F491y4BYJmknz4hUN1+RHvKoUEynKbRmhnwbk/VLmh4OthLLDNCyWXfbh4DG1cTXA=="
        },
        "ilib-common": {
            "version": "1.1.6",
            "resolved": "https://box.jfrog.io/box/api/npm/boxnpm/ilib-common/-/ilib-common-1.1.6.tgz",
            "integrity": "sha512-LzbZj6GP3LnYkDfvsjI/3ecfDyltgcp1PcrmvZotUdRqRmfXaEMZjohjM/XQLo/4LF8uTmKO1/Pqr0nrrp7D3A==",
            "requires": {
                "@log4js-node/log4js-api": "^1.0.2",
                "ilib-env": "^1.4.1",
                "ilib-locale": "^1.2.2"
            }
        },
        "ilib-ctype": {
            "version": "1.2.1",
            "resolved": "https://box.jfrog.io/artifactory/api/npm/boxnpm/ilib-ctype/-/ilib-ctype-1.2.1.tgz",
            "integrity": "sha512-/XKPluzBleyIl96sgn5/uGAzARZBQzTFoAIw1926MlIhUmMZ/DAEFRWvXJtcx603w2RyHfQ05y/XIzfujmX76Q==",
            "requires": {
                "ilib-common": "^1.1.3"
            }
        },
        "ilib-env": {
            "version": "1.4.1",
            "resolved": "https://box.jfrog.io/box/api/npm/boxnpm/ilib-env/-/ilib-env-1.4.1.tgz",
            "integrity": "sha512-lhXj5AaOT6AAft3eSFTqncNSYhqMdXAq9RpAeCral1tJpZDmzxhxpnKcFghgbjk9NkFFBRxFxTIAkgSq9NfEfQ=="
        },
        "ilib-lint-common": {
            "version": "3.1.2",
            "resolved": "https://box.jfrog.io/box/api/npm/boxnpm/ilib-lint-common/-/ilib-lint-common-3.1.2.tgz",
            "integrity": "sha512-WiNVrKpwdPn1sEqGYXs4DXZBqSTrEAzBWKQKVuoGz+Uh7ru0gvBJUtbm3WLlKEN9elQj0AFTBI3XHG/LOKnaqA=="
        },
        "ilib-locale": {
            "version": "1.2.4",
            "resolved": "https://box.jfrog.io/box/api/npm/boxnpm/ilib-locale/-/ilib-locale-1.2.4.tgz",
            "integrity": "sha512-3ZIOw45MAmL+uQ1CTt7A/eVOd5wEYlmTWPnQC/GFmGaIxbGvgSD9AuIX1HiFltYQXIBlQWl0yTFf/1yPtfW3ng==",
            "requires": {
                "ilib-env": "^1.4.1"
            }
        },
        "ilib-tools-common": {
            "version": "1.12.2",
            "resolved": "https://box.jfrog.io/box/api/npm/boxnpm/ilib-tools-common/-/ilib-tools-common-1.12.2.tgz",
            "integrity": "sha512-Agppuu+BWCbXy2IrN8A4jILeKHIAPZf9HigMAsMyaK5gC9qedIeXBvKTtiBrknRTuRnWmnOXO5kY5wyfLHbCAQ==",
            "requires": {
                "@log4js-node/log4js-api": "^1.0.2",
                "ilib-ctype": "^1.2.1",
                "ilib-locale": "^1.2.2",
                "ilib-xliff": "^1.2.2"
            }
        },
        "ilib-xliff": {
            "version": "1.2.2",
            "resolved": "https://box.jfrog.io/box/api/npm/boxnpm/ilib-xliff/-/ilib-xliff-1.2.2.tgz",
            "integrity": "sha512-w29y6Gph6iWaNGyD4cPITt27kmXPgHKEngvx3317rEWOwK1Y1wv6LdZ3jBdaib5UPMmP+sxjUbi3vNMYziXBgQ==",
            "requires": {
                "ilib-common": "^1.1.6",
                "ilib-locale": "^1.2.2",
                "ilib-xml-js": "^1.7.0",
                "json5": "^2.2.1"
            }
        },
        "ilib-xml-js": {
            "version": "1.7.0",
            "resolved": "https://box.jfrog.io/box/api/npm/boxnpm/ilib-xml-js/-/ilib-xml-js-1.7.0.tgz",
            "integrity": "sha512-u2Uitc6238fQzIpwHx7qTt0GDii6ncBKtbLX6lvg67+x2iyQ4tz3nycyXg+c8wdaaVgqVGeBNs48uYGEKVJzkA==",
            "requires": {
                "sax": "^1.2.4"
            }
        },
        "json5": {
            "version": "2.2.3",
            "resolved": "https://registry.npmjs.org/json5/-/json5-2.2.3.tgz",
            "integrity": "sha512-XmOWe7eyHYH14cLdVPoyg+GOH3rYX++KpzrylJwSW98t3Nk+U8XOl8FWKOgwtzdb8lXGf6zYwDUzeHMWfxasyg=="
        },
        "sax": {
            "version": "1.4.1",
            "resolved": "https://box.jfrog.io/box/api/npm/boxnpm/sax/-/sax-1.4.1.tgz",
            "integrity": "sha512-+aWOz7yVScEGoKNd4PA10LZ8sk0A/z5+nXQG5giUO5rprX9jgYsTdov9qCchZiPIZezbZH+jRut8nPodFAX4Jg=="
        }
    }
}
